
Microsoft Visual Studio Solution File, Format Version 12.00
# Visual Studio Version 17
VisualStudioVersion = 17.5.33502.453
MinimumVisualStudioVersion = 10.0.40219.1
Project("{9A19103F-16F7-4668-BE54-9A1E7A4F7556}") = "WebApi", "WebApi\WebApi.csproj", "{8EB74DC8-C7A2-459F-A192-E47D100141CE}"
EndProject
Project("{E24C65DC-7377-472B-9ABA-BC803B73C61A}") = "Dashboard", "Dashboard\", "{0F9DEC8F-9FDF-4774-BFC0-6FDD8650D3F5}"
	ProjectSection(WebsiteProperties) = preProject
		TargetFrameworkMoniker = ".NETFramework,Version%3Dv4.0"
		Debug.AspNetCompiler.VirtualPath = "/localhost_51894"
		Debug.AspNetCompiler.PhysicalPath = "Dashboard\"
		Debug.AspNetCompiler.TargetPath = "PrecompiledWeb\localhost_51894\"
		Debug.AspNetCompiler.Updateable = "true"
		Debug.AspNetCompiler.ForceOverwrite = "true"
		Debug.AspNetCompiler.FixedNames = "false"
		Debug.AspNetCompiler.Debug = "True"
		Release.AspNetCompiler.VirtualPath = "/localhost_51894"
		Release.AspNetCompiler.PhysicalPath = "Dashboard\"
		Release.AspNetCompiler.TargetPath = "PrecompiledWeb\localhost_51894\"
		Release.AspNetCompiler.Updateable = "true"
		Release.AspNetCompiler.ForceOverwrite = "true"
		Release.AspNetCompiler.FixedNames = "false"
		Release.AspNetCompiler.Debug = "False"
		VWDPort = "51894"
		SlnRelativePath = "Dashboard\"
	EndProjectSection
EndProject
Project("{FAE04EC0-301F-11D3-BF4B-00C04F79EFBC}") = "Data", "Data\Data.csproj", "{FF5D562A-E842-4658-88B0-EA08ED126296}"
EndProject
Project("{FAE04EC0-301F-11D3-BF4B-00C04F79EFBC}") = "Domain", "Domain\Domain.csproj", "{EFC5004D-FE65-4FB1-A03A-2901E56F3057}"
EndProject
Global
	GlobalSection(SolutionConfigurationPlatforms) = preSolution
		Debug|Any CPU = Debug|Any CPU
		Release|Any CPU = Release|Any CPU
	EndGlobalSection
	GlobalSection(ProjectConfigurationPlatforms) = postSolution
		{8EB74DC8-C7A2-459F-A192-E47D100141CE}.Debug|Any CPU.ActiveCfg = Debug|Any CPU
		{8EB74DC8-C7A2-459F-A192-E47D100141CE}.Debug|Any CPU.Build.0 = Debug|Any CPU
		{8EB74DC8-C7A2-459F-A192-E47D100141CE}.Release|Any CPU.ActiveCfg = Release|Any CPU
		{8EB74DC8-C7A2-459F-A192-E47D100141CE}.Release|Any CPU.Build.0 = Release|Any CPU
		{0F9DEC8F-9FDF-4774-BFC0-6FDD8650D3F5}.Debug|Any CPU.ActiveCfg = Debug|Any CPU
		{0F9DEC8F-9FDF-4774-BFC0-6FDD8650D3F5}.Release|Any CPU.ActiveCfg = Debug|Any CPU
		{FF5D562A-E842-4658-88B0-EA08ED126296}.Debug|Any CPU.ActiveCfg = Debug|Any CPU
		{FF5D562A-E842-4658-88B0-EA08ED126296}.Debug|Any CPU.Build.0 = Debug|Any CPU
		{FF5D562A-E842-4658-88B0-EA08ED126296}.Release|Any CPU.ActiveCfg = Release|Any CPU
		{FF5D562A-E842-4658-88B0-EA08ED126296}.Release|Any CPU.Build.0 = Release|Any CPU
		{EFC5004D-FE65-4FB1-A03A-2901E56F3057}.Debug|Any CPU.ActiveCfg = Debug|Any CPU
		{EFC5004D-FE65-4FB1-A03A-2901E56F3057}.Debug|Any CPU.Build.0 = Debug|Any CPU
		{EFC5004D-FE65-4FB1-A03A-2901E56F3057}.Release|Any CPU.ActiveCfg = Release|Any CPU
		{EFC5004D-FE65-4FB1-A03A-2901E56F3057}.Release|Any CPU.Build.0 = Release|Any CPU
	EndGlobalSection
	GlobalSection(SolutionProperties) = preSolution
		HideSolutionNode = FALSE
	EndGlobalSection
	GlobalSection(ExtensibilityGlobals) = postSolution
		SolutionGuid = {87662A6C-CD89-4DE6-B1E3-C73647E2F4F3}
	EndGlobalSection
EndGlobal
